<?xml version="1.0" encoding="utf-8"?>
<Project ToolsVersion="4.0" xmlns="http://schemas.microsoft.com/developer/msbuild/2003">
  <ItemGroup>
    <Filter Include="源文件">
      <UniqueIdentifier>{4FC737F1-C7A5-4376-A066-2A32D752A2FF}</UniqueIdentifier>
      <Extensions>cpp;c;cc;cxx;def;odl;idl;hpj;bat;asm;asmx</Extensions>
    </Filter>
    <Filter Include="头文件">
      <UniqueIdentifier>{93995380-89BD-4b04-88EB-625FBE52EBFB}</UniqueIdentifier>
      <Extensions>h;hh;hpp;hxx;hm;inl;inc;xsd</Extensions>
    </Filter>
    <Filter Include="资源文件">
      <UniqueIdentifier>{67DA6AB6-F800-4c08-8B7A-83BB121AAD01}</UniqueIdentifier>
      <Extensions>rc;ico;cur;bmp;dlg;rc2;rct;bin;rgs;gif;jpg;jpeg;jpe;resx;tiff;tif;png;wav;mfcribbon-ms</Extensions>
    </Filter>
    <Filter Include="头文件\export">
      <UniqueIdentifier>{489974ae-b334-4d26-91a9-6cdf4acf3351}</UniqueIdentifier>
    </Filter>
    <Filter Include="头文件\export\log">
      <UniqueIdentifier>{6bebf7ad-6b56-4937-9390-b36367bd7b69}</UniqueIdentifier>
    </Filter>
    <Filter Include="源文件\log">
      <UniqueIdentifier>{70543776-c065-4e99-81c8-a2672d542924}</UniqueIdentifier>
    </Filter>
  </ItemGroup>
  <ItemGroup>
    <Text Include="ReadMe.txt" />
  </ItemGroup>
  <ItemGroup>
    <ClInclude Include="stdafx.h">
      <Filter>头文件</Filter>
    </ClInclude>
    <ClInclude Include="targetver.h">
      <Filter>头文件</Filter>
    </ClInclude>
    <ClInclude Include="..\export\Export.h">
      <Filter>头文件\export</Filter>
    </ClInclude>
    <ClInclude Include="resource.h">
      <Filter>头文件</Filter>
    </ClInclude>
    <ClInclude Include="..\export\Timer.h">
      <Filter>头文件\export</Filter>
    </ClInclude>
    <ClInclude Include="..\export\TaskLoop.h">
      <Filter>头文件\export</Filter>
    </ClInclude>
    <ClInclude Include="..\export\Statistics.h">
      <Filter>头文件\export</Filter>
    </ClInclude>
    <ClInclude Include="..\export\log\Logger.h">
      <Filter>头文件\export\log</Filter>
    </ClInclude>
    <ClInclude Include="..\export\log\LogHelper.h">
      <Filter>头文件\export\log</Filter>
    </ClInclude>
    <ClInclude Include="..\export\UBThread.h">
      <Filter>头文件</Filter>
    </ClInclude>
  </ItemGroup>
  <ItemGroup>
    <ClCompile Include="stdafx.cpp">
      <Filter>源文件</Filter>
    </ClCompile>
    <ClCompile Include="dllmain.cpp">
      <Filter>源文件</Filter>
    </ClCompile>
    <ClCompile Include="..\source\TaskLoop.cpp">
      <Filter>源文件</Filter>
    </ClCompile>
    <ClCompile Include="..\source\Thread.cpp">
      <Filter>源文件</Filter>
    </ClCompile>
    <ClCompile Include="..\source\Timer.cpp">
      <Filter>源文件</Filter>
    </ClCompile>
    <ClCompile Include="..\source\Statistics.cpp">
      <Filter>源文件</Filter>
    </ClCompile>
    <ClCompile Include="..\source\log\Logger.cpp">
      <Filter>源文件\log</Filter>
    </ClCompile>
    <ClCompile Include="..\source\log\LogHelper.cpp">
      <Filter>源文件\log</Filter>
    </ClCompile>
  </ItemGroup>
  <ItemGroup>
    <ResourceCompile Include="BaseUtil.rc">
      <Filter>资源文件</Filter>
    </ResourceCompile>
  </ItemGroup>
</Project>